// !$*UTF8*$!
{
	archiveVersion = 1;
	classes = {
	};
	objectVersion = 55;
	objects = {

/* Begin PBXBuildFile section */
		28C906948337012A379F80AD /* Pods_PreCommitHooks.framework in Frameworks */ = {isa = PBXBuildFile; fileRef = FADF438E5B67A8C87E0A8F4A /* Pods_PreCommitHooks.framework */; };
		3B1DE9F5CAFB02B9B484FB52 /* Pods_PreCommitHooks_PreCommitHooksUITests.framework in Frameworks */ = {isa = PBXBuildFile; fileRef = B38A328737543E3C2F740F19 /* Pods_PreCommitHooks_PreCommitHooksUITests.framework */; };
		7035FB7F28C08BDA005C7C9A /* AppDelegate.m in Sources */ = {isa = PBXBuildFile; fileRef = 7035FB7E28C08BDA005C7C9A /* AppDelegate.m */; };
		7035FB8228C08BDA005C7C9A /* SceneDelegate.m in Sources */ = {isa = PBXBuildFile; fileRef = 7035FB8128C08BDA005C7C9A /* SceneDelegate.m */; };
		7035FB8528C08BDA005C7C9A /* ViewController.m in Sources */ = {isa = PBXBuildFile; fileRef = 7035FB8428C08BDA005C7C9A /* ViewController.m */; };
		7035FB8828C08BDA005C7C9A /* Main.storyboard in Resources */ = {isa = PBXBuildFile; fileRef = 7035FB8628C08BDA005C7C9A /* Main.storyboard */; };
		7035FB8A28C08BDC005C7C9A /* Assets.xcassets in Resources */ = {isa = PBXBuildFile; fileRef = 7035FB8928C08BDC005C7C9A /* Assets.xcassets */; };
		7035FB8D28C08BDC005C7C9A /* LaunchScreen.storyboard in Resources */ = {isa = PBXBuildFile; fileRef = 7035FB8B28C08BDC005C7C9A /* LaunchScreen.storyboard */; };
		7035FB9028C08BDC005C7C9A /* main.m in Sources */ = {isa = PBXBuildFile; fileRef = 7035FB8F28C08BDC005C7C9A /* main.m */; };
		7035FB9A28C08BDC005C7C9A /* PreCommitHooksTests.m in Sources */ = {isa = PBXBuildFile; fileRef = 7035FB9928C08BDC005C7C9A /* PreCommitHooksTests.m */; };
		7035FBA428C08BDC005C7C9A /* PreCommitHooksUITests.m in Sources */ = {isa = PBXBuildFile; fileRef = 7035FBA328C08BDC005C7C9A /* PreCommitHooksUITests.m */; };
		7035FBA628C08BDC005C7C9A /* PreCommitHooksUITestsLaunchTests.m in Sources */ = {isa = PBXBuildFile; fileRef = 7035FBA528C08BDC005C7C9A /* PreCommitHooksUITestsLaunchTests.m */; };
		CD276F0C58CF886259B2F744 /* Pods_PreCommitHooksTests.framework in Frameworks */ = {isa = PBXBuildFile; fileRef = 7B494F1211555DA89DA189C1 /* Pods_PreCommitHooksTests.framework */; };
/* End PBXBuildFile section */

/* Begin PBXContainerItemProxy section */
		7035FB9628C08BDC005C7C9A /* PBXContainerItemProxy */ = {
			isa = PBXContainerItemProxy;
			containerPortal = 7035FB7228C08BDA005C7C9A /* Project object */;
			proxyType = 1;
			remoteGlobalIDString = 7035FB7928C08BDA005C7C9A;
			remoteInfo = PreCommitHooks;
		};
		7035FBA028C08BDC005C7C9A /* PBXContainerItemProxy */ = {
			isa = PBXContainerItemProxy;
			containerPortal = 7035FB7228C08BDA005C7C9A /* Project object */;
			proxyType = 1;
			remoteGlobalIDString = 7035FB7928C08BDA005C7C9A;
			remoteInfo = PreCommitHooks;
		};
/* End PBXContainerItemProxy section */

/* Begin PBXFileReference section */
		0915B212A9A446F9BE4D6DC2 /* Pods-PreCommitHooksTests.release.xcconfig */ = {isa = PBXFileReference; includeInIndex = 1; lastKnownFileType = text.xcconfig; name = "Pods-PreCommitHooksTests.release.xcconfig"; path = "Target Support Files/Pods-PreCommitHooksTests/Pods-PreCommitHooksTests.release.xcconfig"; sourceTree = "<group>"; };
		32B884FCEBDDA89F08C23C65 /* Pods-PreCommitHooks.debug.xcconfig */ = {isa = PBXFileReference; includeInIndex = 1; lastKnownFileType = text.xcconfig; name = "Pods-PreCommitHooks.debug.xcconfig"; path = "Target Support Files/Pods-PreCommitHooks/Pods-PreCommitHooks.debug.xcconfig"; sourceTree = "<group>"; };
		5E412EBA7F2D3FFB4CF402AE /* Pods-PreCommitHooksTests.debug.xcconfig */ = {isa = PBXFileReference; includeInIndex = 1; lastKnownFileType = text.xcconfig; name = "Pods-PreCommitHooksTests.debug.xcconfig"; path = "Target Support Files/Pods-PreCommitHooksTests/Pods-PreCommitHooksTests.debug.xcconfig"; sourceTree = "<group>"; };
		7035FB7A28C08BDA005C7C9A /* PreCommitHooks.app */ = {isa = PBXFileReference; explicitFileType = wrapper.application; includeInIndex = 0; path = PreCommitHooks.app; sourceTree = BUILT_PRODUCTS_DIR; };
		7035FB7D28C08BDA005C7C9A /* AppDelegate.h */ = {isa = PBXFileReference; lastKnownFileType = sourcecode.c.h; path = AppDelegate.h; sourceTree = "<group>"; };
		7035FB7E28C08BDA005C7C9A /* AppDelegate.m */ = {isa = PBXFileReference; lastKnownFileType = sourcecode.c.objc; path = AppDelegate.m; sourceTree = "<group>"; };
		7035FB8028C08BDA005C7C9A /* SceneDelegate.h */ = {isa = PBXFileReference; lastKnownFileType = sourcecode.c.h; path = SceneDelegate.h; sourceTree = "<group>"; };
		7035FB8128C08BDA005C7C9A /* SceneDelegate.m */ = {isa = PBXFileReference; lastKnownFileType = sourcecode.c.objc; path = SceneDelegate.m; sourceTree = "<group>"; };
		7035FB8328C08BDA005C7C9A /* ViewController.h */ = {isa = PBXFileReference; lastKnownFileType = sourcecode.c.h; path = ViewController.h; sourceTree = "<group>"; };
		7035FB8428C08BDA005C7C9A /* ViewController.m */ = {isa = PBXFileReference; lastKnownFileType = sourcecode.c.objc; path = ViewController.m; sourceTree = "<group>"; };
		7035FB8728C08BDA005C7C9A /* Base */ = {isa = PBXFileReference; lastKnownFileType = file.storyboard; name = Base; path = Base.lproj/Main.storyboard; sourceTree = "<group>"; };
		7035FB8928C08BDC005C7C9A /* Assets.xcassets */ = {isa = PBXFileReference; lastKnownFileType = folder.assetcatalog; path = Assets.xcassets; sourceTree = "<group>"; };
		7035FB8C28C08BDC005C7C9A /* Base */ = {isa = PBXFileReference; lastKnownFileType = file.storyboard; name = Base; path = Base.lproj/LaunchScreen.storyboard; sourceTree = "<group>"; };
		7035FB8E28C08BDC005C7C9A /* Info.plist */ = {isa = PBXFileReference; lastKnownFileType = text.plist.xml; path = Info.plist; sourceTree = "<group>"; };
		7035FB8F28C08BDC005C7C9A /* main.m */ = {isa = PBXFileReference; lastKnownFileType = sourcecode.c.objc; path = main.m; sourceTree = "<group>"; };
		7035FB9528C08BDC005C7C9A /* PreCommitHooksTests.xctest */ = {isa = PBXFileReference; explicitFileType = wrapper.cfbundle; includeInIndex = 0; path = PreCommitHooksTests.xctest; sourceTree = BUILT_PRODUCTS_DIR; };
		7035FB9928C08BDC005C7C9A /* PreCommitHooksTests.m */ = {isa = PBXFileReference; lastKnownFileType = sourcecode.c.objc; path = PreCommitHooksTests.m; sourceTree = "<group>"; };
		7035FB9F28C08BDC005C7C9A /* PreCommitHooksUITests.xctest */ = {isa = PBXFileReference; explicitFileType = wrapper.cfbundle; includeInIndex = 0; path = PreCommitHooksUITests.xctest; sourceTree = BUILT_PRODUCTS_DIR; };
		7035FBA328C08BDC005C7C9A /* PreCommitHooksUITests.m */ = {isa = PBXFileReference; lastKnownFileType = sourcecode.c.objc; path = PreCommitHooksUITests.m; sourceTree = "<group>"; };
		7035FBA528C08BDC005C7C9A /* PreCommitHooksUITestsLaunchTests.m */ = {isa = PBXFileReference; lastKnownFileType = sourcecode.c.objc; path = PreCommitHooksUITestsLaunchTests.m; sourceTree = "<group>"; };
		706E3F88B40F5F1E1E3EAF16 /* Pods-PreCommitHooks-PreCommitHooksUITests.release.xcconfig */ = {isa = PBXFileReference; includeInIndex = 1; lastKnownFileType = text.xcconfig; name = "Pods-PreCommitHooks-PreCommitHooksUITests.release.xcconfig"; path = "Target Support Files/Pods-PreCommitHooks-PreCommitHooksUITests/Pods-PreCommitHooks-PreCommitHooksUITests.release.xcconfig"; sourceTree = "<group>"; };
		7B494F1211555DA89DA189C1 /* Pods_PreCommitHooksTests.framework */ = {isa = PBXFileReference; explicitFileType = wrapper.framework; includeInIndex = 0; path = Pods_PreCommitHooksTests.framework; sourceTree = BUILT_PRODUCTS_DIR; };
		B38A328737543E3C2F740F19 /* Pods_PreCommitHooks_PreCommitHooksUITests.framework */ = {isa = PBXFileReference; explicitFileType = wrapper.framework; includeInIndex = 0; path = Pods_PreCommitHooks_PreCommitHooksUITests.framework; sourceTree = BUILT_PRODUCTS_DIR; };
		CB0E516D385D3D464C82CA92 /* Pods-PreCommitHooks-PreCommitHooksUITests.debug.xcconfig */ = {isa = PBXFileReference; includeInIndex = 1; lastKnownFileType = text.xcconfig; name = "Pods-PreCommitHooks-PreCommitHooksUITests.debug.xcconfig"; path = "Target Support Files/Pods-PreCommitHooks-PreCommitHooksUITests/Pods-PreCommitHooks-PreCommitHooksUITests.debug.xcconfig"; sourceTree = "<group>"; };
		CB3F719DBA9D2D551E5884E3 /* Pods-PreCommitHooks.release.xcconfig */ = {isa = PBXFileReference; includeInIndex = 1; lastKnownFileType = text.xcconfig; name = "Pods-PreCommitHooks.release.xcconfig"; path = "Target Support Files/Pods-PreCommitHooks/Pods-PreCommitHooks.release.xcconfig"; sourceTree = "<group>"; };
		FADF438E5B67A8C87E0A8F4A /* Pods_PreCommitHooks.framework */ = {isa = PBXFileReference; explicitFileType = wrapper.framework; includeInIndex = 0; path = Pods_PreCommitHooks.framework; sourceTree = BUILT_PRODUCTS_DIR; };
/* End PBXFileReference section */

/* Begin PBXFrameworksBuildPhase section */
		7035FB7728C08BDA005C7C9A /* Frameworks */ = {
			isa = PBXFrameworksBuildPhase;
			buildActionMask = 2147483647;
			files = (
				28C906948337012A379F80AD /* Pods_PreCommitHooks.framework in Frameworks */,
			);
			runOnlyForDeploymentPostprocessing = 0;
		};
		7035FB9228C08BDC005C7C9A /* Frameworks */ = {
			isa = PBXFrameworksBuildPhase;
			buildActionMask = 2147483647;
			files = (
				CD276F0C58CF886259B2F744 /* Pods_PreCommitHooksTests.framework in Frameworks */,
			);
			runOnlyForDeploymentPostprocessing = 0;
		};
		7035FB9C28C08BDC005C7C9A /* Frameworks */ = {
			isa = PBXFrameworksBuildPhase;
			buildActionMask = 2147483647;
			files = (
				3B1DE9F5CAFB02B9B484FB52 /* Pods_PreCommitHooks_PreCommitHooksUITests.framework in Frameworks */,
			);
			runOnlyForDeploymentPostprocessing = 0;
		};
/* End PBXFrameworksBuildPhase section */

/* Begin PBXGroup section */
		7035FB7128C08BDA005C7C9A = {
			isa = PBXGroup;
			children = (
				7035FB7C28C08BDA005C7C9A /* PreCommitHooks */,
				7035FB9828C08BDC005C7C9A /* PreCommitHooksTests */,
				7035FBA228C08BDC005C7C9A /* PreCommitHooksUITests */,
				7035FB7B28C08BDA005C7C9A /* Products */,
				7A2D7512C7DDE339362E0D42 /* Pods */,
				9DC42A7E9F13A7C8051B5C52 /* Frameworks */,
			);
			sourceTree = "<group>";
		};
		7035FB7B28C08BDA005C7C9A /* Products */ = {
			isa = PBXGroup;
			children = (
				7035FB7A28C08BDA005C7C9A /* PreCommitHooks.app */,
				7035FB9528C08BDC005C7C9A /* PreCommitHooksTests.xctest */,
				7035FB9F28C08BDC005C7C9A /* PreCommitHooksUITests.xctest */,
			);
			name = Products;
			sourceTree = "<group>";
		};
		7035FB7C28C08BDA005C7C9A /* PreCommitHooks */ = {
			isa = PBXGroup;
			children = (
				7035FB7D28C08BDA005C7C9A /* AppDelegate.h */,
				7035FB7E28C08BDA005C7C9A /* AppDelegate.m */,
				7035FB8028C08BDA005C7C9A /* SceneDelegate.h */,
				7035FB8128C08BDA005C7C9A /* SceneDelegate.m */,
				7035FB8328C08BDA005C7C9A /* ViewController.h */,
				7035FB8428C08BDA005C7C9A /* ViewController.m */,
				7035FB8628C08BDA005C7C9A /* Main.storyboard */,
				7035FB8928C08BDC005C7C9A /* Assets.xcassets */,
				7035FB8B28C08BDC005C7C9A /* LaunchScreen.storyboard */,
				7035FB8E28C08BDC005C7C9A /* Info.plist */,
				7035FB8F28C08BDC005C7C9A /* main.m */,
			);
			path = PreCommitHooks;
			sourceTree = "<group>";
		};
		7035FB9828C08BDC005C7C9A /* PreCommitHooksTests */ = {
			isa = PBXGroup;
			children = (
				7035FB9928C08BDC005C7C9A /* PreCommitHooksTests.m */,
			);
			path = PreCommitHooksTests;
			sourceTree = "<group>";
		};
		7035FBA228C08BDC005C7C9A /* PreCommitHooksUITests */ = {
			isa = PBXGroup;
			children = (
				7035FBA328C08BDC005C7C9A /* PreCommitHooksUITests.m */,
				7035FBA528C08BDC005C7C9A /* PreCommitHooksUITestsLaunchTests.m */,
			);
			path = PreCommitHooksUITests;
			sourceTree = "<group>";
		};
		7A2D7512C7DDE339362E0D42 /* Pods */ = {
			isa = PBXGroup;
			children = (
				32B884FCEBDDA89F08C23C65 /* Pods-PreCommitHooks.debug.xcconfig */,
				CB3F719DBA9D2D551E5884E3 /* Pods-PreCommitHooks.release.xcconfig */,
				CB0E516D385D3D464C82CA92 /* Pods-PreCommitHooks-PreCommitHooksUITests.debug.xcconfig */,
				706E3F88B40F5F1E1E3EAF16 /* Pods-PreCommitHooks-PreCommitHooksUITests.release.xcconfig */,
				5E412EBA7F2D3FFB4CF402AE /* Pods-PreCommitHooksTests.debug.xcconfig */,
				0915B212A9A446F9BE4D6DC2 /* Pods-PreCommitHooksTests.release.xcconfig */,
			);
			name = Pods;
			path = Pods;
			sourceTree = "<group>";
		};
		9DC42A7E9F13A7C8051B5C52 /* Frameworks */ = {
			isa = PBXGroup;
			children = (
				FADF438E5B67A8C87E0A8F4A /* Pods_PreCommitHooks.framework */,
				B38A328737543E3C2F740F19 /* Pods_PreCommitHooks_PreCommitHooksUITests.framework */,
				7B494F1211555DA89DA189C1 /* Pods_PreCommitHooksTests.framework */,
			);
			name = Frameworks;
			sourceTree = "<group>";
		};
/* End PBXGroup section */

/* Begin PBXNativeTarget section */
		7035FB7928C08BDA005C7C9A /* PreCommitHooks */ = {
			isa = PBXNativeTarget;
			buildConfigurationList = 7035FBA928C08BDC005C7C9A /* Build configuration list for PBXNativeTarget "PreCommitHooks" */;
			buildPhases = (
				7280C8DA57D48E721B06B548 /* [CP] Check Pods Manifest.lock */,
				7035FB7628C08BDA005C7C9A /* Sources */,
				7035FB7728C08BDA005C7C9A /* Frameworks */,
				7035FB7828C08BDA005C7C9A /* Resources */,
			);
			buildRules = (
			);
			dependencies = (
			);
			name = PreCommitHooks;
			productName = PreCommitHooks;
			productReference = 7035FB7A28C08BDA005C7C9A /* PreCommitHooks.app */;
			productType = "com.apple.product-type.application";
		};
		7035FB9428C08BDC005C7C9A /* PreCommitHooksTests */ = {
			isa = PBXNativeTarget;
			buildConfigurationList = 7035FBAC28C08BDC005C7C9A /* Build configuration list for PBXNativeTarget "PreCommitHooksTests" */;
			buildPhases = (
				21CA78F558004137378A384F /* [CP] Check Pods Manifest.lock */,
				7035FB9128C08BDC005C7C9A /* Sources */,
				7035FB9228C08BDC005C7C9A /* Frameworks */,
				7035FB9328C08BDC005C7C9A /* Resources */,
			);
			buildRules = (
			);
			dependencies = (
				7035FB9728C08BDC005C7C9A /* PBXTargetDependency */,
			);
			name = PreCommitHooksTests;
			productName = PreCommitHooksTests;
			productReference = 7035FB9528C08BDC005C7C9A /* PreCommitHooksTests.xctest */;
			productType = "com.apple.product-type.bundle.unit-test";
		};
		7035FB9E28C08BDC005C7C9A /* PreCommitHooksUITests */ = {
			isa = PBXNativeTarget;
			buildConfigurationList = 7035FBAF28C08BDC005C7C9A /* Build configuration list for PBXNativeTarget "PreCommitHooksUITests" */;
			buildPhases = (
				3D78FA739CCCC391737FAF10 /* [CP] Check Pods Manifest.lock */,
				7035FB9B28C08BDC005C7C9A /* Sources */,
				7035FB9C28C08BDC005C7C9A /* Frameworks */,
				7035FB9D28C08BDC005C7C9A /* Resources */,
			);
			buildRules = (
			);
			dependencies = (
				7035FBA128C08BDC005C7C9A /* PBXTargetDependency */,
			);
			name = PreCommitHooksUITests;
			productName = PreCommitHooksUITests;
			productReference = 7035FB9F28C08BDC005C7C9A /* PreCommitHooksUITests.xctest */;
			productType = "com.apple.product-type.bundle.ui-testing";
		};
/* End PBXNativeTarget section */

/* Begin PBXProject section */
		7035FB7228C08BDA005C7C9A /* Project object */ = {
			isa = PBXProject;
			attributes = {
				BuildIndependentTargetsInParallel = 1;
				LastUpgradeCheck = 1340;
				TargetAttributes = {
					7035FB7928C08BDA005C7C9A = {
						CreatedOnToolsVersion = 13.4;
					};
					7035FB9428C08BDC005C7C9A = {
						CreatedOnToolsVersion = 13.4;
						TestTargetID = 7035FB7928C08BDA005C7C9A;
					};
					7035FB9E28C08BDC005C7C9A = {
						CreatedOnToolsVersion = 13.4;
						TestTargetID = 7035FB7928C08BDA005C7C9A;
					};
				};
			};
			buildConfigurationList = 7035FB7528C08BDA005C7C9A /* Build configuration list for PBXProject "PreCommitHooks" */;
			compatibilityVersion = "Xcode 13.0";
			developmentRegion = en;
			hasScannedForEncodings = 0;
			knownRegions = (
				en,
				Base,
			);
			mainGroup = 7035FB7128C08BDA005C7C9A;
			productRefGroup = 7035FB7B28C08BDA005C7C9A /* Products */;
			projectDirPath = "";
			projectRoot = "";
			targets = (
				7035FB7928C08BDA005C7C9A /* PreCommitHooks */,
				7035FB9428C08BDC005C7C9A /* PreCommitHooksTests */,
				7035FB9E28C08BDC005C7C9A /* PreCommitHooksUITests */,
			);
		};
/* End PBXProject section */

/* Begin PBXResourcesBuildPhase section */
		7035FB7828C08BDA005C7C9A /* Resources */ = {
			isa = PBXResourcesBuildPhase;
			buildActionMask = 2147483647;
			files = (
				7035FB8D28C08BDC005C7C9A /* LaunchScreen.storyboard in Resources */,
				7035FB8A28C08BDC005C7C9A /* Assets.xcassets in Resources */,
				7035FB8828C08BDA005C7C9A /* Main.storyboard in Resources */,
			);
			runOnlyForDeploymentPostprocessing = 0;
		};
		7035FB9328C08BDC005C7C9A /* Resources */ = {
			isa = PBXResourcesBuildPhase;
			buildActionMask = 2147483647;
			files = (
			);
			runOnlyForDeploymentPostprocessing = 0;
		};
		7035FB9D28C08BDC005C7C9A /* Resources */ = {
			isa = PBXResourcesBuildPhase;
			buildActionMask = 2147483647;
			files = (
			);
			runOnlyForDeploymentPostprocessing = 0;
		};
/* End PBXResourcesBuildPhase section */

/* Begin PBXShellScriptBuildPhase section */
		21CA78F558004137378A384F /* [CP] Check Pods Manifest.lock */ = {
			isa = PBXShellScriptBuildPhase;
			buildActionMask = 2147483647;
			files = (
			);
			inputFileListPaths = (
			);
			inputPaths = (
				"${PODS_PODFILE_DIR_PATH}/Podfile.lock",
				"${PODS_ROOT}/Manifest.lock",
			);
			name = "[CP] Check Pods Manifest.lock";
			outputFileListPaths = (
			);
			outputPaths = (
				"$(DERIVED_FILE_DIR)/Pods-PreCommitHooksTests-checkManifestLockResult.txt",
			);
			runOnlyForDeploymentPostprocessing = 0;
			shellPath = /bin/sh;
			shellScript = "diff \"${PODS_PODFILE_DIR_PATH}/Podfile.lock\" \"${PODS_ROOT}/Manifest.lock\" > /dev/null\nif [ $? != 0 ] ; then\n    # print error to STDERR\n    echo \"error: The sandbox is not in sync with the Podfile.lock. Run 'pod install' or update your CocoaPods installation.\" >&2\n    exit 1\nfi\n# This output is used by Xcode 'outputs' to avoid re-running this script phase.\necho \"SUCCESS\" > \"${SCRIPT_OUTPUT_FILE_0}\"\n";
			showEnvVarsInLog = 0;
		};
		3D78FA739CCCC391737FAF10 /* [CP] Check Pods Manifest.lock */ = {
			isa = PBXShellScriptBuildPhase;
			buildActionMask = 2147483647;
			files = (
			);
			inputFileListPaths = (
			);
			inputPaths = (
				"${PODS_PODFILE_DIR_PATH}/Podfile.lock",
				"${PODS_ROOT}/Manifest.lock",
			);
			name = "[CP] Check Pods Manifest.lock";
			outputFileListPaths = (
			);
			outputPaths = (
				"$(DERIVED_FILE_DIR)/Pods-PreCommitHooks-PreCommitHooksUITests-checkManifestLockResult.txt",
			);
			runOnlyForDeploymentPostprocessing = 0;
			shellPath = /bin/sh;
			shellScript = "diff \"${PODS_PODFILE_DIR_PATH}/Podfile.lock\" \"${PODS_ROOT}/Manifest.lock\" > /dev/null\nif [ $? != 0 ] ; then\n    # print error to STDERR\n    echo \"error: The sandbox is not in sync with the Podfile.lock. Run 'pod install' or update your CocoaPods installation.\" >&2\n    exit 1\nfi\n# This output is used by Xcode 'outputs' to avoid re-running this script phase.\necho \"SUCCESS\" > \"${SCRIPT_OUTPUT_FILE_0}\"\n";
			showEnvVarsInLog = 0;
		};
		7280C8DA57D48E721B06B548 /* [CP] Check Pods Manifest.lock */ = {
			isa = PBXShellScriptBuildPhase;
			buildActionMask = 2147483647;
			files = (
			);
			inputFileListPaths = (
			);
			inputPaths = (
				"${PODS_PODFILE_DIR_PATH}/Podfile.lock",
				"${PODS_ROOT}/Manifest.lock",
			);
			name = "[CP] Check Pods Manifest.lock";
			outputFileListPaths = (
			);
			outputPaths = (
				"$(DERIVED_FILE_DIR)/Pods-PreCommitHooks-checkManifestLockResult.txt",
			);
			runOnlyForDeploymentPostprocessing = 0;
			shellPath = /bin/sh;
			shellScript = "diff \"${PODS_PODFILE_DIR_PATH}/Podfile.lock\" \"${PODS_ROOT}/Manifest.lock\" > /dev/null\nif [ $? != 0 ] ; then\n    # print error to STDERR\n    echo \"error: The sandbox is not in sync with the Podfile.lock. Run 'pod install' or update your CocoaPods installation.\" >&2\n    exit 1\nfi\n# This output is used by Xcode 'outputs' to avoid re-running this script phase.\necho \"SUCCESS\" > \"${SCRIPT_OUTPUT_FILE_0}\"\n";
			showEnvVarsInLog = 0;
		};
/* End PBXShellScriptBuildPhase section */

/* Begin PBXSourcesBuildPhase section */
		7035FB7628C08BDA005C7C9A /* Sources */ = {
			isa = PBXSourcesBuildPhase;
			buildActionMask = 2147483647;
			files = (
				7035FB8528C08BDA005C7C9A /* ViewController.m in Sources */,
				7035FB7F28C08BDA005C7C9A /* AppDelegate.m in Sources */,
				7035FB9028C08BDC005C7C9A /* main.m in Sources */,
				7035FB8228C08BDA005C7C9A /* SceneDelegate.m in Sources */,
			);
			runOnlyForDeploymentPostprocessing = 0;
		};
		7035FB9128C08BDC005C7C9A /* Sources */ = {
			isa = PBXSourcesBuildPhase;
			buildActionMask = 2147483647;
			files = (
				7035FB9A28C08BDC005C7C9A /* PreCommitHooksTests.m in Sources */,
			);
			runOnlyForDeploymentPostprocessing = 0;
		};
		7035FB9B28C08BDC005C7C9A /* Sources */ = {
			isa = PBXSourcesBuildPhase;
			buildActionMask = 2147483647;
			files = (
				7035FBA628C08BDC005C7C9A /* PreCommitHooksUITestsLaunchTests.m in Sources */,
				7035FBA428C08BDC005C7C9A /* PreCommitHooksUITests.m in Sources */,
			);
			runOnlyForDeploymentPostprocessing = 0;
		};
/* End PBXSourcesBuildPhase section */

/* Begin PBXTargetDependency section */
		7035FB9728C08BDC005C7C9A /* PBXTargetDependency */ = {
			isa = PBXTargetDependency;
			target = 7035FB7928C08BDA005C7C9A /* PreCommitHooks */;
			targetProxy = 7035FB9628C08BDC005C7C9A /* PBXContainerItemProxy */;
		};
		7035FBA128C08BDC005C7C9A /* PBXTargetDependency */ = {
			isa = PBXTargetDependency;
			target = 7035FB7928C08BDA005C7C9A /* PreCommitHooks */;
			targetProxy = 7035FBA028C08BDC005C7C9A /* PBXContainerItemProxy */;
		};
/* End PBXTargetDependency section */

/* Begin PBXVariantGroup section */
		7035FB8628C08BDA005C7C9A /* Main.storyboard */ = {
			isa = PBXVariantGroup;
			children = (
				7035FB8728C08BDA005C7C9A /* Base */,
			);
			name = Main.storyboard;
			sourceTree = "<group>";
		};
		7035FB8B28C08BDC005C7C9A /* LaunchScreen.storyboard */ = {
			isa = PBXVariantGroup;
			children = (
				7035FB8C28C08BDC005C7C9A /* Base */,
			);
			name = LaunchScreen.storyboard;
			sourceTree = "<group>";
		};
/* End PBXVariantGroup section */

/* Begin XCBuildConfiguration section */
		7035FBA728C08BDC005C7C9A /* Debug */ = {
			isa = XCBuildConfiguration;
			buildSettings = {
				ALWAYS_SEARCH_USER_PATHS = NO;
				CLANG_ANALYZER_NONNULL = YES;
				CLANG_ANALYZER_NUMBER_OBJECT_CONVERSION = YES_AGGRESSIVE;
				CLANG_CXX_LANGUAGE_STANDARD = "gnu++17";
				CLANG_ENABLE_MODULES = YES;
				CLANG_ENABLE_OBJC_ARC = YES;
				CLANG_ENABLE_OBJC_WEAK = YES;
				CLANG_WARN_BLOCK_CAPTURE_AUTORELEASING = YES;
				CLANG_WARN_BOOL_CONVERSION = YES;
				CLANG_WARN_COMMA = YES;
				CLANG_WARN_CONSTANT_CONVERSION = YES;
				CLANG_WARN_DEPRECATED_OBJC_IMPLEMENTATIONS = YES;
				CLANG_WARN_DIRECT_OBJC_ISA_USAGE = YES_ERROR;
				CLANG_WARN_DOCUMENTATION_COMMENTS = YES;
				CLANG_WARN_EMPTY_BODY = YES;
				CLANG_WARN_ENUM_CONVERSION = YES;
				CLANG_WARN_INFINITE_RECURSION = YES;
				CLANG_WARN_INT_CONVERSION = YES;
				CLANG_WARN_NON_LITERAL_NULL_CONVERSION = YES;
				CLANG_WARN_OBJC_IMPLICIT_RETAIN_SELF = YES;
				CLANG_WARN_OBJC_LITERAL_CONVERSION = YES;
				CLANG_WARN_OBJC_ROOT_CLASS = YES_ERROR;
				CLANG_WARN_QUOTED_INCLUDE_IN_FRAMEWORK_HEADER = YES;
				CLANG_WARN_RANGE_LOOP_ANALYSIS = YES;
				CLANG_WARN_STRICT_PROTOTYPES = YES;
				CLANG_WARN_SUSPICIOUS_MOVE = YES;
				CLANG_WARN_UNGUARDED_AVAILABILITY = YES_AGGRESSIVE;
				CLANG_WARN_UNREACHABLE_CODE = YES;
				CLANG_WARN__DUPLICATE_METHOD_MATCH = YES;
				COPY_PHASE_STRIP = NO;
				DEBUG_INFORMATION_FORMAT = dwarf;
				ENABLE_STRICT_OBJC_MSGSEND = YES;
				ENABLE_TESTABILITY = YES;
				GCC_C_LANGUAGE_STANDARD = gnu11;
				GCC_DYNAMIC_NO_PIC = NO;
				GCC_NO_COMMON_BLOCKS = YES;
				GCC_OPTIMIZATION_LEVEL = 0;
				GCC_PREPROCESSOR_DEFINITIONS = (
					"DEBUG=1",
					"$(inherited)",
				);
				GCC_WARN_64_TO_32_BIT_CONVERSION = YES;
				GCC_WARN_ABOUT_RETURN_TYPE = YES_ERROR;
				GCC_WARN_UNDECLARED_SELECTOR = YES;
				GCC_WARN_UNINITIALIZED_AUTOS = YES_AGGRESSIVE;
				GCC_WARN_UNUSED_FUNCTION = YES;
				GCC_WARN_UNUSED_VARIABLE = YES;
				IPHONEOS_DEPLOYMENT_TARGET = 15.5;
				MTL_ENABLE_DEBUG_INFO = INCLUDE_SOURCE;
				MTL_FAST_MATH = YES;
				ONLY_ACTIVE_ARCH = YES;
				SDKROOT = iphoneos;
			};
			name = Debug;
		};
		7035FBA828C08BDC005C7C9A /* Release */ = {
			isa = XCBuildConfiguration;
			buildSettings = {
				ALWAYS_SEARCH_USER_PATHS = NO;
				CLANG_ANALYZER_NONNULL = YES;
				CLANG_ANALYZER_NUMBER_OBJECT_CONVERSION = YES_AGGRESSIVE;
				CLANG_CXX_LANGUAGE_STANDARD = "gnu++17";
				CLANG_ENABLE_MODULES = YES;
				CLANG_ENABLE_OBJC_ARC = YES;
				CLANG_ENABLE_OBJC_WEAK = YES;
				CLANG_WARN_BLOCK_CAPTURE_AUTORELEASING = YES;
				CLANG_WARN_BOOL_CONVERSION = YES;
				CLANG_WARN_COMMA = YES;
				CLANG_WARN_CONSTANT_CONVERSION = YES;
				CLANG_WARN_DEPRECATED_OBJC_IMPLEMENTATIONS = YES;
				CLANG_WARN_DIRECT_OBJC_ISA_USAGE = YES_ERROR;
				CLANG_WARN_DOCUMENTATION_COMMENTS = YES;
				CLANG_WARN_EMPTY_BODY = YES;
				CLANG_WARN_ENUM_CONVERSION = YES;
				CLANG_WARN_INFINITE_RECURSION = YES;
				CLANG_WARN_INT_CONVERSION = YES;
				CLANG_WARN_NON_LITERAL_NULL_CONVERSION = YES;
				CLANG_WARN_OBJC_IMPLICIT_RETAIN_SELF = YES;
				CLANG_WARN_OBJC_LITERAL_CONVERSION = YES;
				CLANG_WARN_OBJC_ROOT_CLASS = YES_ERROR;
				CLANG_WARN_QUOTED_INCLUDE_IN_FRAMEWORK_HEADER = YES;
				CLANG_WARN_RANGE_LOOP_ANALYSIS = YES;
				CLANG_WARN_STRICT_PROTOTYPES = YES;
				CLANG_WARN_SUSPICIOUS_MOVE = YES;
				CLANG_WARN_UNGUARDED_AVAILABILITY = YES_AGGRESSIVE;
				CLANG_WARN_UNREACHABLE_CODE = YES;
				CLANG_WARN__DUPLICATE_METHOD_MATCH = YES;
				COPY_PHASE_STRIP = NO;
				DEBUG_INFORMATION_FORMAT = "dwarf-with-dsym";
				ENABLE_NS_ASSERTIONS = NO;
				ENABLE_STRICT_OBJC_MSGSEND = YES;
				GCC_C_LANGUAGE_STANDARD = gnu11;
				GCC_NO_COMMON_BLOCKS = YES;
				GCC_WARN_64_TO_32_BIT_CONVERSION = YES;
				GCC_WARN_ABOUT_RETURN_TYPE = YES_ERROR;
				GCC_WARN_UNDECLARED_SELECTOR = YES;
				GCC_WARN_UNINITIALIZED_AUTOS = YES_AGGRESSIVE;
				GCC_WARN_UNUSED_FUNCTION = YES;
				GCC_WARN_UNUSED_VARIABLE = YES;
				IPHONEOS_DEPLOYMENT_TARGET = 15.5;
				MTL_ENABLE_DEBUG_INFO = NO;
				MTL_FAST_MATH = YES;
				SDKROOT = iphoneos;
				VALIDATE_PRODUCT = YES;
			};
			name = Release;
		};
		7035FBAA28C08BDC005C7C9A /* Debug */ = {
			isa = XCBuildConfiguration;
			baseConfigurationReference = 32B884FCEBDDA89F08C23C65 /* Pods-PreCommitHooks.debug.xcconfig */;
			buildSettings = {
				ASSETCATALOG_COMPILER_APPICON_NAME = AppIcon;
				ASSETCATALOG_COMPILER_GLOBAL_ACCENT_COLOR_NAME = AccentColor;
				CODE_SIGN_STYLE = Automatic;
				CURRENT_PROJECT_VERSION = 1;
				DEVELOPMENT_TEAM = HUW3H8NBU9;
				GENERATE_INFOPLIST_FILE = YES;
				INFOPLIST_FILE = PreCommitHooks/Info.plist;
				INFOPLIST_KEY_UIApplicationSupportsIndirectInputEvents = YES;
				INFOPLIST_KEY_UILaunchStoryboardName = LaunchScreen;
				INFOPLIST_KEY_UIMainStoryboardFile = Main;
				INFOPLIST_KEY_UISupportedInterfaceOrientations_iPad = "UIInterfaceOrientationPortrait UIInterfaceOrientationPortraitUpsideDown UIInterfaceOrientationLandscapeLeft UIInterfaceOrientationLandscapeRight";
				INFOPLIST_KEY_UISupportedInterfaceOrientations_iPhone = "UIInterfaceOrientationPortrait UIInterfaceOrientationLandscapeLeft UIInterfaceOrientationLandscapeRight";
				LD_RUNPATH_SEARCH_PATHS = (
					"$(inherited)",
					"@executable_path/Frameworks",
				);
				MARKETING_VERSION = 1.0;
				PRODUCT_BUNDLE_IDENTIFIER = com.youdao.netease.PreCommitHooks;
				PRODUCT_NAME = "$(TARGET_NAME)";
				SWIFT_EMIT_LOC_STRINGS = YES;
				TARGETED_DEVICE_FAMILY = "1,2";
			};
			name = Debug;
		};
		7035FBAB28C08BDC005C7C9A /* Release */ = {
			isa = XCBuildConfiguration;
			baseConfigurationReference = CB3F719DBA9D2D551E5884E3 /* Pods-PreCommitHooks.release.xcconfig */;
			buildSettings = {
				ASSETCATALOG_COMPILER_APPICON_NAME = AppIcon;
				ASSETCATALOG_COMPILER_GLOBAL_ACCENT_COLOR_NAME = AccentColor;
				CODE_SIGN_STYLE = Automatic;
				CURRENT_PROJECT_VERSION = 1;
				DEVELOPMENT_TEAM = HUW3H8NBU9;
				GENERATE_INFOPLIST_FILE = YES;
				INFOPLIST_FILE = PreCommitHooks/Info.plist;
				INFOPLIST_KEY_UIApplicationSupportsIndirectInputEvents = YES;
				INFOPLIST_KEY_UILaunchStoryboardName = LaunchScreen;
				INFOPLIST_KEY_UIMainStoryboardFile = Main;
				INFOPLIST_KEY_UISupportedInterfaceOrientations_iPad = "UIInterfaceOrientationPortrait UIInterfaceOrientationPortraitUpsideDown UIInterfaceOrientationLandscapeLeft UIInterfaceOrientationLandscapeRight";
				INFOPLIST_KEY_UISupportedInterfaceOrientations_iPhone = "UIInterfaceOrientationPortrait UIInterfaceOrientationLandscapeLeft UIInterfaceOrientationLandscapeRight";
				LD_RUNPATH_SEARCH_PATHS = (
					"$(inherited)",
					"@executable_path/Frameworks",
				);
				MARKETING_VERSION = 1.0;
				PRODUCT_BUNDLE_IDENTIFIER = com.youdao.netease.PreCommitHooks;
				PRODUCT_NAME = "$(TARGET_NAME)";
				SWIFT_EMIT_LOC_STRINGS = YES;
				TARGETED_DEVICE_FAMILY = "1,2";
			};
			name = Release;
		};
		7035FBAD28C08BDC005C7C9A /* Debug */ = {
			isa = XCBuildConfiguration;
			baseConfigurationReference = 5E412EBA7F2D3FFB4CF402AE /* Pods-PreCommitHooksTests.debug.xcconfig */;
			buildSettings = {
				BUNDLE_LOADER = "$(TEST_HOST)";
				CODE_SIGN_STYLE = Automatic;
				CURRENT_PROJECT_VERSION = 1;
				DEVELOPMENT_TEAM = HUW3H8NBU9;
				GENERATE_INFOPLIST_FILE = YES;
				IPHONEOS_DEPLOYMENT_TARGET = 15.5;
				MARKETING_VERSION = 1.0;
				PRODUCT_BUNDLE_IDENTIFIER = com.youdao.netease.PreCommitHooksTests;
				PRODUCT_NAME = "$(TARGET_NAME)";
				SWIFT_EMIT_LOC_STRINGS = NO;
				TARGETED_DEVICE_FAMILY = "1,2";
				TEST_HOST = "$(BUILT_PRODUCTS_DIR)/PreCommitHooks.app/PreCommitHooks";
			};
			name = Debug;
		};
		7035FBAE28C08BDC005C7C9A /* Release */ = {
			isa = XCBuildConfiguration;
			baseConfigurationReference = 0915B212A9A446F9BE4D6DC2 /* Pods-PreCommitHooksTests.release.xcconfig */;
			buildSettings = {
				BUNDLE_LOADER = "$(TEST_HOST)";
				CODE_SIGN_STYLE = Automatic;
				CURRENT_PROJECT_VERSION = 1;
				DEVELOPMENT_TEAM = HUW3H8NBU9;
				GENERATE_INFOPLIST_FILE = YES;
				IPHONEOS_DEPLOYMENT_TARGET = 15.5;
				MARKETING_VERSION = 1.0;
				PRODUCT_BUNDLE_IDENTIFIER = com.youdao.netease.PreCommitHooksTests;
				PRODUCT_NAME = "$(TARGET_NAME)";
				SWIFT_EMIT_LOC_STRINGS = NO;
				TARGETED_DEVICE_FAMILY = "1,2";
				TEST_HOST = "$(BUILT_PRODUCTS_DIR)/PreCommitHooks.app/PreCommitHooks";
			};
			name = Release;
		};
		7035FBB028C08BDC005C7C9A /* Debug */ = {
			isa = XCBuildConfiguration;
			baseConfigurationReference = CB0E516D385D3D464C82CA92 /* Pods-PreCommitHooks-PreCommitHooksUITests.debug.xcconfig */;
			buildSettings = {
				CODE_SIGN_STYLE = Automatic;
				CURRENT_PROJECT_VERSION = 1;
				DEVELOPMENT_TEAM = HUW3H8NBU9;
				GENERATE_INFOPLIST_FILE = YES;
				MARKETING_VERSION = 1.0;
				PRODUCT_BUNDLE_IDENTIFIER = com.youdao.netease.PreCommitHooksUITests;
				PRODUCT_NAME = "$(TARGET_NAME)";
				SWIFT_EMIT_LOC_STRINGS = NO;
				TARGETED_DEVICE_FAMILY = "1,2";
				TEST_TARGET_NAME = PreCommitHooks;
			};
			name = Debug;
		};
		7035FBB128C08BDC005C7C9A /* Release */ = {
			isa = XCBuildConfiguration;
			baseConfigurationReference = 706E3F88B40F5F1E1E3EAF16 /* Pods-PreCommitHooks-PreCommitHooksUITests.release.xcconfig */;
			buildSettings = {
				CODE_SIGN_STYLE = Automatic;
				CURRENT_PROJECT_VERSION = 1;
				DEVELOPMENT_TEAM = HUW3H8NBU9;
				GENERATE_INFOPLIST_FILE = YES;
				MARKETING_VERSION = 1.0;
				PRODUCT_BUNDLE_IDENTIFIER = com.youdao.netease.PreCommitHooksUITests;
				PRODUCT_NAME = "$(TARGET_NAME)";
				SWIFT_EMIT_LOC_STRINGS = NO;
				TARGETED_DEVICE_FAMILY = "1,2";
				TEST_TARGET_NAME = PreCommitHooks;
			};
			name = Release;
		};
/* End XCBuildConfiguration section */

/* Begin XCConfigurationList section */
		7035FB7528C08BDA005C7C9A /* Build configuration list for PBXProject "PreCommitHooks" */ = {
			isa = XCConfigurationList;
			buildConfigurations = (
				7035FBA728C08BDC005C7C9A /* Debug */,
				7035FBA828C08BDC005C7C9A /* Release */,
			);
			defaultConfigurationIsVisible = 0;
			defaultConfigurationName = Release;
		};
		7035FBA928C08BDC005C7C9A /* Build configuration list for PBXNativeTarget "PreCommitHooks" */ = {
			isa = XCConfigurationList;
			buildConfigurations = (
				7035FBAA28C08BDC005C7C9A /* Debug */,
				7035FBAB28C08BDC005C7C9A /* Release */,
			);
			defaultConfigurationIsVisible = 0;
			defaultConfigurationName = Release;
		};
		7035FBAC28C08BDC005C7C9A /* Build configuration list for PBXNativeTarget "PreCommitHooksTests" */ = {
			isa = XCConfigurationList;
			buildConfigurations = (
				7035FBAD28C08BDC005C7C9A /* Debug */,
				7035FBAE28C08BDC005C7C9A /* Release */,
			);
			defaultConfigurationIsVisible = 0;
			defaultConfigurationName = Release;
		};
		7035FBAF28C08BDC005C7C9A /* Build configuration list for PBXNativeTarget "PreCommitHooksUITests" */ = {
			isa = XCConfigurationList;
			buildConfigurations = (
				7035FBB028C08BDC005C7C9A /* Debug */,
				7035FBB128C08BDC005C7C9A /* Release */,
			);
			defaultConfigurationIsVisible = 0;
			defaultConfigurationName = Release;
		};
/* End XCConfigurationList section */
	};
	rootObject = 7035FB7228C08BDA005C7C9A /* Project object */;
}
